
Microsoft Visual Studio Solution File, Format Version 12.00
# Visual Studio 14
VisualStudioVersion = 14.0.23107.0
MinimumVisualStudioVersion = 10.0.40219.1
Project("{FAE04EC0-301F-11D3-BF4B-00C04F79EFBC}") = "WebCommandLaucher", "WebCommandLaucher\WebCommandLaucher.csproj", "{D7D9A0E6-D82C-4F0B-9896-9C7F05505599}"
EndProject
Project("{FAE04EC0-301F-11D3-BF4B-00C04F79EFBC}") = "TestApplication", "TestApplication\TestApplication.csproj", "{A5D493E2-8500-4A59-85B3-2B08EAB9BBE0}"
EndProject
Project("{FAE04EC0-301F-11D3-BF4B-00C04F79EFBC}") = "WindowsFormsApplication1", "WindowsFormsApplication1\WindowsFormsApplication1.csproj", "{B4A87F63-17FE-42A3-B31C-58FE1112C02E}"
EndProject
Global
	GlobalSection(SolutionConfigurationPlatforms) = preSolution
		Debug|Any CPU = Debug|Any CPU
		Release|Any CPU = Release|Any CPU
	EndGlobalSection
	GlobalSection(ProjectConfigurationPlatforms) = postSolution
		{D7D9A0E6-D82C-4F0B-9896-9C7F05505599}.Debug|Any CPU.ActiveCfg = Debug|Any CPU
		{D7D9A0E6-D82C-4F0B-9896-9C7F05505599}.Debug|Any CPU.Build.0 = Debug|Any CPU
		{D7D9A0E6-D82C-4F0B-9896-9C7F05505599}.Release|Any CPU.ActiveCfg = Release|Any CPU
		{D7D9A0E6-D82C-4F0B-9896-9C7F05505599}.Release|Any CPU.Build.0 = Release|Any CPU
		{A5D493E2-8500-4A59-85B3-2B08EAB9BBE0}.Debug|Any CPU.ActiveCfg = Debug|Any CPU
		{A5D493E2-8500-4A59-85B3-2B08EAB9BBE0}.Debug|Any CPU.Build.0 = Debug|Any CPU
		{A5D493E2-8500-4A59-85B3-2B08EAB9BBE0}.Release|Any CPU.ActiveCfg = Release|Any CPU
		{A5D493E2-8500-4A59-85B3-2B08EAB9BBE0}.Release|Any CPU.Build.0 = Release|Any CPU
		{B4A87F63-17FE-42A3-B31C-58FE1112C02E}.Debug|Any CPU.ActiveCfg = Debug|Any CPU
		{B4A87F63-17FE-42A3-B31C-58FE1112C02E}.Debug|Any CPU.Build.0 = Debug|Any CPU
		{B4A87F63-17FE-42A3-B31C-58FE1112C02E}.Release|Any CPU.ActiveCfg = Release|Any CPU
		{B4A87F63-17FE-42A3-B31C-58FE1112C02E}.Release|Any CPU.Build.0 = Release|Any CPU
	EndGlobalSection
	GlobalSection(SolutionProperties) = preSolution
		HideSolutionNode = FALSE
	EndGlobalSection
EndGlobal
